
Microsoft Visual Studio Solution File, Format Version 12.00
# Visual Studio Version 16
VisualStudioVersion = 16.0.31729.503
MinimumVisualStudioVersion = 10.0.40219.1
Project("{FAE04EC0-301F-11D3-BF4B-00C04F79EFBC}") = "Colegio Mariano", "Colegio Mariano\Colegio Mariano.csproj", "{35EBD40B-DA5B-463F-BB62-8014FD909B88}"
EndProject
Global
	GlobalSection(SolutionConfigurationPlatforms) = preSolution
		Debug|Any CPU = Debug|Any CPU
		Release|Any CPU = Release|Any CPU
	EndGlobalSection
	GlobalSection(ProjectConfigurationPlatforms) = postSolution
		{35EBD40B-DA5B-463F-BB62-8014FD909B88}.Debug|Any CPU.ActiveCfg = Debug|Any CPU
		{35EBD40B-DA5B-463F-BB62-8014FD909B88}.Debug|Any CPU.Build.0 = Debug|Any CPU
		{35EBD40B-DA5B-463F-BB62-8014FD909B88}.Release|Any CPU.ActiveCfg = Release|Any CPU
		{35EBD40B-DA5B-463F-BB62-8014FD909B88}.Release|Any CPU.Build.0 = Release|Any CPU
	EndGlobalSection
	GlobalSection(SolutionProperties) = preSolution
		HideSolutionNode = FALSE
	EndGlobalSection
	GlobalSection(ExtensibilityGlobals) = postSolution
		SolutionGuid = {49E8F82F-32E1-49DE-8460-A48556A682F1}
	EndGlobalSection
EndGlobal
